
Microsoft Visual Studio Solution File, Format Version 12.00
# Visual Studio 15
VisualStudioVersion = 15.0.27703.2000
MinimumVisualStudioVersion = 10.0.40219.1
Project("{FAE04EC0-301F-11D3-BF4B-00C04F79EFBC}") = "BaseAPI.Core", "BaseAPI.Core\BaseAPI.Core.csproj", "{C9CFE0A6-8AD7-4508-9D05-3B2ED0EB841F}"
EndProject
Project("{FAE04EC0-301F-11D3-BF4B-00C04F79EFBC}") = "BaseAPI.DataAccess", "BaseAPI.DataAccess\BaseAPI.DataAccess.csproj", "{B57ABFFD-98A1-4391-9D9D-EA520F0E68F5}"
EndProject
Project("{FAE04EC0-301F-11D3-BF4B-00C04F79EFBC}") = "BaseAPI.Model", "BaseAPI.Model\BaseAPI.Model.csproj", "{5CF91E0D-0FAD-4C3E-B4A1-5D77C4512B1C}"
EndProject
Project("{FAE04EC0-301F-11D3-BF4B-00C04F79EFBC}") = "BaseAPI.BusinessServices", "BaseAPI.BusinessServices\BaseAPI.BusinessServices.csproj", "{02A1FB5B-E7A2-4FB9-A31C-DB6F48A7E4DD}"
EndProject
Project("{FAE04EC0-301F-11D3-BF4B-00C04F79EFBC}") = "BaseAPI.Host", "BaseAPI.Host\BaseAPI.Host.csproj", "{77408A28-7F42-404C-97EE-F25EBBD79766}"
EndProject
Global
	GlobalSection(SolutionConfigurationPlatforms) = preSolution
		Debug|Any CPU = Debug|Any CPU
		Release|Any CPU = Release|Any CPU
	EndGlobalSection
	GlobalSection(ProjectConfigurationPlatforms) = postSolution
		{C9CFE0A6-8AD7-4508-9D05-3B2ED0EB841F}.Debug|Any CPU.ActiveCfg = Debug|Any CPU
		{C9CFE0A6-8AD7-4508-9D05-3B2ED0EB841F}.Debug|Any CPU.Build.0 = Debug|Any CPU
		{C9CFE0A6-8AD7-4508-9D05-3B2ED0EB841F}.Release|Any CPU.ActiveCfg = Release|Any CPU
		{C9CFE0A6-8AD7-4508-9D05-3B2ED0EB841F}.Release|Any CPU.Build.0 = Release|Any CPU
		{B57ABFFD-98A1-4391-9D9D-EA520F0E68F5}.Debug|Any CPU.ActiveCfg = Debug|Any CPU
		{B57ABFFD-98A1-4391-9D9D-EA520F0E68F5}.Debug|Any CPU.Build.0 = Debug|Any CPU
		{B57ABFFD-98A1-4391-9D9D-EA520F0E68F5}.Release|Any CPU.ActiveCfg = Release|Any CPU
		{B57ABFFD-98A1-4391-9D9D-EA520F0E68F5}.Release|Any CPU.Build.0 = Release|Any CPU
		{5CF91E0D-0FAD-4C3E-B4A1-5D77C4512B1C}.Debug|Any CPU.ActiveCfg = Debug|Any CPU
		{5CF91E0D-0FAD-4C3E-B4A1-5D77C4512B1C}.Debug|Any CPU.Build.0 = Debug|Any CPU
		{5CF91E0D-0FAD-4C3E-B4A1-5D77C4512B1C}.Release|Any CPU.ActiveCfg = Release|Any CPU
		{5CF91E0D-0FAD-4C3E-B4A1-5D77C4512B1C}.Release|Any CPU.Build.0 = Release|Any CPU
		{02A1FB5B-E7A2-4FB9-A31C-DB6F48A7E4DD}.Debug|Any CPU.ActiveCfg = Debug|Any CPU
		{02A1FB5B-E7A2-4FB9-A31C-DB6F48A7E4DD}.Debug|Any CPU.Build.0 = Debug|Any CPU
		{02A1FB5B-E7A2-4FB9-A31C-DB6F48A7E4DD}.Release|Any CPU.ActiveCfg = Release|Any CPU
		{02A1FB5B-E7A2-4FB9-A31C-DB6F48A7E4DD}.Release|Any CPU.Build.0 = Release|Any CPU
		{77408A28-7F42-404C-97EE-F25EBBD79766}.Debug|Any CPU.ActiveCfg = Debug|Any CPU
		{77408A28-7F42-404C-97EE-F25EBBD79766}.Debug|Any CPU.Build.0 = Debug|Any CPU
		{77408A28-7F42-404C-97EE-F25EBBD79766}.Release|Any CPU.ActiveCfg = Release|Any CPU
		{77408A28-7F42-404C-97EE-F25EBBD79766}.Release|Any CPU.Build.0 = Release|Any CPU
	EndGlobalSection
	GlobalSection(SolutionProperties) = preSolution
		HideSolutionNode = FALSE
	EndGlobalSection
	GlobalSection(ExtensibilityGlobals) = postSolution
		SolutionGuid = {945132A2-36B1-469A-A600-DC5E5D6287A6}
	EndGlobalSection
EndGlobal
